
Microsoft Visual Studio Solution File, Format Version 12.00
# Visual Studio Version 17
VisualStudioVersion = 17.9.34723.18
MinimumVisualStudioVersion = 10.0.40219.1
Project("{2150E333-8FDC-42A3-9474-1A3956D46DE8}") = "FrontEnd", "FrontEnd", "{885D9740-98A1-408A-B1C1-0277CA551350}"
EndProject
Project("{2150E333-8FDC-42A3-9474-1A3956D46DE8}") = "Gateway", "Gateway", "{BF5E2E4D-70F8-4988-AAE2-754E6CD1D993}"
EndProject
Project("{2150E333-8FDC-42A3-9474-1A3956D46DE8}") = "Integration", "Integration", "{F44639EB-A182-4E4D-B957-A31DA76572C8}"
EndProject
Project("{2150E333-8FDC-42A3-9474-1A3956D46DE8}") = "Services", "Services", "{10347022-CF6A-4B04-868E-4B58BA693541}"
EndProject
Project("{9A19103F-16F7-4668-BE54-9A1E7A4F7556}") = "SC.Services.CouponAPI", "SC.Services.CouponAPI\SC.Services.CouponAPI.csproj", "{CCD02AFD-D90D-4C27-8FCA-C5F02E91580A}"
EndProject
Project("{9A19103F-16F7-4668-BE54-9A1E7A4F7556}") = "SC.Web", "SC.Web\SC.Web.csproj", "{3C1C5DB7-AE50-41A8-AAD5-E65927EE57FC}"
EndProject
Project("{9A19103F-16F7-4668-BE54-9A1E7A4F7556}") = "SC.Services.AuthAPI", "SC.Services.AuthAPI\SC.Services.AuthAPI.csproj", "{0838E64E-D591-4BD2-AD3C-617A85D17C93}"
EndProject
Project("{9A19103F-16F7-4668-BE54-9A1E7A4F7556}") = "SC.Services.ProductAPI", "SC.Services.ProductAPI\SC.Services.ProductAPI.csproj", "{D768C187-182B-4CCF-AEFB-FC7D16910F3E}"
EndProject
Project("{9A19103F-16F7-4668-BE54-9A1E7A4F7556}") = "SC.Services.ShoppingCartAPI", "SC.Services.ShoppingCartAPI\SC.Services.ShoppingCartAPI.csproj", "{F32E4E1C-9FEA-46F3-85E6-3932C77D2BBF}"
EndProject
Project("{9A19103F-16F7-4668-BE54-9A1E7A4F7556}") = "SC.MessageBus", "SC.MessageBus\SC.MessageBus.csproj", "{F7364C49-9DB1-48A6-A871-44239B253FE7}"
EndProject
Project("{FAE04EC0-301F-11D3-BF4B-00C04F79EFBC}") = "SC.Services.EmailAPI", "SC.Services.EmailAPI\SC.Services.EmailAPI.csproj", "{71DB05D6-6A06-4A5A-8416-690A4572C1E3}"
EndProject
Global
	GlobalSection(SolutionConfigurationPlatforms) = preSolution
		Debug|Any CPU = Debug|Any CPU
		Release|Any CPU = Release|Any CPU
	EndGlobalSection
	GlobalSection(ProjectConfigurationPlatforms) = postSolution
		{CCD02AFD-D90D-4C27-8FCA-C5F02E91580A}.Debug|Any CPU.ActiveCfg = Debug|Any CPU
		{CCD02AFD-D90D-4C27-8FCA-C5F02E91580A}.Debug|Any CPU.Build.0 = Debug|Any CPU
		{CCD02AFD-D90D-4C27-8FCA-C5F02E91580A}.Release|Any CPU.ActiveCfg = Release|Any CPU
		{CCD02AFD-D90D-4C27-8FCA-C5F02E91580A}.Release|Any CPU.Build.0 = Release|Any CPU
		{3C1C5DB7-AE50-41A8-AAD5-E65927EE57FC}.Debug|Any CPU.ActiveCfg = Debug|Any CPU
		{3C1C5DB7-AE50-41A8-AAD5-E65927EE57FC}.Debug|Any CPU.Build.0 = Debug|Any CPU
		{3C1C5DB7-AE50-41A8-AAD5-E65927EE57FC}.Release|Any CPU.ActiveCfg = Release|Any CPU
		{3C1C5DB7-AE50-41A8-AAD5-E65927EE57FC}.Release|Any CPU.Build.0 = Release|Any CPU
		{0838E64E-D591-4BD2-AD3C-617A85D17C93}.Debug|Any CPU.ActiveCfg = Debug|Any CPU
		{0838E64E-D591-4BD2-AD3C-617A85D17C93}.Debug|Any CPU.Build.0 = Debug|Any CPU
		{0838E64E-D591-4BD2-AD3C-617A85D17C93}.Release|Any CPU.ActiveCfg = Release|Any CPU
		{0838E64E-D591-4BD2-AD3C-617A85D17C93}.Release|Any CPU.Build.0 = Release|Any CPU
		{D768C187-182B-4CCF-AEFB-FC7D16910F3E}.Debug|Any CPU.ActiveCfg = Debug|Any CPU
		{D768C187-182B-4CCF-AEFB-FC7D16910F3E}.Debug|Any CPU.Build.0 = Debug|Any CPU
		{D768C187-182B-4CCF-AEFB-FC7D16910F3E}.Release|Any CPU.ActiveCfg = Release|Any CPU
		{D768C187-182B-4CCF-AEFB-FC7D16910F3E}.Release|Any CPU.Build.0 = Release|Any CPU
		{F32E4E1C-9FEA-46F3-85E6-3932C77D2BBF}.Debug|Any CPU.ActiveCfg = Debug|Any CPU
		{F32E4E1C-9FEA-46F3-85E6-3932C77D2BBF}.Debug|Any CPU.Build.0 = Debug|Any CPU
		{F32E4E1C-9FEA-46F3-85E6-3932C77D2BBF}.Release|Any CPU.ActiveCfg = Release|Any CPU
		{F32E4E1C-9FEA-46F3-85E6-3932C77D2BBF}.Release|Any CPU.Build.0 = Release|Any CPU
		{F7364C49-9DB1-48A6-A871-44239B253FE7}.Debug|Any CPU.ActiveCfg = Debug|Any CPU
		{F7364C49-9DB1-48A6-A871-44239B253FE7}.Debug|Any CPU.Build.0 = Debug|Any CPU
		{F7364C49-9DB1-48A6-A871-44239B253FE7}.Release|Any CPU.ActiveCfg = Release|Any CPU
		{F7364C49-9DB1-48A6-A871-44239B253FE7}.Release|Any CPU.Build.0 = Release|Any CPU
		{71DB05D6-6A06-4A5A-8416-690A4572C1E3}.Debug|Any CPU.ActiveCfg = Debug|Any CPU
		{71DB05D6-6A06-4A5A-8416-690A4572C1E3}.Debug|Any CPU.Build.0 = Debug|Any CPU
		{71DB05D6-6A06-4A5A-8416-690A4572C1E3}.Release|Any CPU.ActiveCfg = Release|Any CPU
		{71DB05D6-6A06-4A5A-8416-690A4572C1E3}.Release|Any CPU.Build.0 = Release|Any CPU
	EndGlobalSection
	GlobalSection(SolutionProperties) = preSolution
		HideSolutionNode = FALSE
	EndGlobalSection
	GlobalSection(NestedProjects) = preSolution
		{CCD02AFD-D90D-4C27-8FCA-C5F02E91580A} = {10347022-CF6A-4B04-868E-4B58BA693541}
		{3C1C5DB7-AE50-41A8-AAD5-E65927EE57FC} = {885D9740-98A1-408A-B1C1-0277CA551350}
		{0838E64E-D591-4BD2-AD3C-617A85D17C93} = {10347022-CF6A-4B04-868E-4B58BA693541}
		{D768C187-182B-4CCF-AEFB-FC7D16910F3E} = {10347022-CF6A-4B04-868E-4B58BA693541}
		{F32E4E1C-9FEA-46F3-85E6-3932C77D2BBF} = {10347022-CF6A-4B04-868E-4B58BA693541}
		{F7364C49-9DB1-48A6-A871-44239B253FE7} = {F44639EB-A182-4E4D-B957-A31DA76572C8}
		{71DB05D6-6A06-4A5A-8416-690A4572C1E3} = {10347022-CF6A-4B04-868E-4B58BA693541}
	EndGlobalSection
	GlobalSection(ExtensibilityGlobals) = postSolution
		SolutionGuid = {DE848A76-4792-481A-8B68-F9410BDCA23A}
	EndGlobalSection
EndGlobal
